# This file is automatically @generated by Poetry and should not be changed by hand.

[[package]]
name = "attrs"
version = "22.2.0"
description = "Classes Without Boilerplate"
category = "dev"
optional = false
python-versions = ">=3.6"
files = [
    {file = "attrs-22.2.0-py3-none-any.whl", hash = "sha256:29e95c7f6778868dbd49170f98f8818f78f3dc5e0e37c0b1f474e3561b240836"},
    {file = "attrs-22.2.0.tar.gz", hash = "sha256:c9227bfc2f01993c03f68db37d1d15c9690188323c067c641f1a35ca58185f99"},
]

[package.extras]
cov = ["attrs[tests]", "coverage-enable-subprocess", "coverage[toml] (>=5.3)"]
dev = ["attrs[docs,tests]"]
docs = ["furo", "myst-parser", "sphinx", "sphinx-notfound-page", "sphinxcontrib-towncrier", "towncrier", "zope.interface"]
tests = ["attrs[tests-no-zope]", "zope.interface"]
tests-no-zope = ["cloudpickle", "cloudpickle", "hypothesis", "hypothesis", "mypy (>=0.971,<0.990)", "mypy (>=0.971,<0.990)", "pympler", "pympler", "pytest (>=4.3.0)", "pytest (>=4.3.0)", "pytest-mypy-plugins", "pytest-mypy-plugins", "pytest-xdist[psutil]", "pytest-xdist[psutil]"]

[[package]]
name = "black"
version = "23.1.0"
description = "The uncompromising code formatter."
category = "dev"
optional = false
python-versions = ">=3.7"
files = [
    {file = "black-23.1.0-cp310-cp310-macosx_10_16_arm64.whl", hash = "sha256:b6a92a41ee34b883b359998f0c8e6eb8e99803aa8bf3123bf2b2e6fec505a221"},
    {file = "black-23.1.0-cp310-cp310-macosx_10_16_universal2.whl", hash = "sha256:57c18c5165c1dbe291d5306e53fb3988122890e57bd9b3dcb75f967f13411a26"},
    {file = "black-23.1.0-cp310-cp310-macosx_10_16_x86_64.whl", hash = "sha256:9880d7d419bb7e709b37e28deb5e68a49227713b623c72b2b931028ea65f619b"},
    {file = "black-23.1.0-cp310-cp310-manylinux_2_17_x86_64.manylinux2014_x86_64.whl", hash = "sha256:e6663f91b6feca5d06f2ccd49a10f254f9298cc1f7f49c46e498a0771b507104"},
    {file = "black-23.1.0-cp310-cp310-win_amd64.whl", hash = "sha256:9afd3f493666a0cd8f8df9a0200c6359ac53940cbde049dcb1a7eb6ee2dd7074"},
    {file = "black-23.1.0-cp311-cp311-macosx_10_16_arm64.whl", hash = "sha256:bfffba28dc52a58f04492181392ee380e95262af14ee01d4bc7bb1b1c6ca8d27"},
    {file = "black-23.1.0-cp311-cp311-macosx_10_16_universal2.whl", hash = "sha256:c1c476bc7b7d021321e7d93dc2cbd78ce103b84d5a4cf97ed535fbc0d6660648"},
    {file = "black-23.1.0-cp311-cp311-macosx_10_16_x86_64.whl", hash = "sha256:382998821f58e5c8238d3166c492139573325287820963d2f7de4d518bd76958"},
    {file = "black-23.1.0-cp311-cp311-manylinux_2_17_x86_64.manylinux2014_x86_64.whl", hash = "sha256:2bf649fda611c8550ca9d7592b69f0637218c2369b7744694c5e4902873b2f3a"},
    {file = "black-23.1.0-cp311-cp311-win_amd64.whl", hash = "sha256:121ca7f10b4a01fd99951234abdbd97728e1240be89fde18480ffac16503d481"},
    {file = "black-23.1.0-cp37-cp37m-macosx_10_16_x86_64.whl", hash = "sha256:a8471939da5e824b891b25751955be52ee7f8a30a916d570a5ba8e0f2eb2ecad"},
    {file = "black-23.1.0-cp37-cp37m-manylinux_2_17_x86_64.manylinux2014_x86_64.whl", hash = "sha256:8178318cb74f98bc571eef19068f6ab5613b3e59d4f47771582f04e175570ed8"},
    {file = "black-23.1.0-cp37-cp37m-win_amd64.whl", hash = "sha256:a436e7881d33acaf2536c46a454bb964a50eff59b21b51c6ccf5a40601fbef24"},
    {file = "black-23.1.0-cp38-cp38-macosx_10_16_arm64.whl", hash = "sha256:a59db0a2094d2259c554676403fa2fac3473ccf1354c1c63eccf7ae65aac8ab6"},
    {file = "black-23.1.0-cp38-cp38-macosx_10_16_universal2.whl", hash = "sha256:0052dba51dec07ed029ed61b18183942043e00008ec65d5028814afaab9a22fd"},
    {file = "black-23.1.0-cp38-cp38-macosx_10_16_x86_64.whl", hash = "sha256:49f7b39e30f326a34b5c9a4213213a6b221d7ae9d58ec70df1c4a307cf2a1580"},
    {file = "black-23.1.0-cp38-cp38-manylinux_2_17_x86_64.manylinux2014_x86_64.whl", hash = "sha256:162e37d49e93bd6eb6f1afc3e17a3d23a823042530c37c3c42eeeaf026f38468"},
    {file = "black-23.1.0-cp38-cp38-win_amd64.whl", hash = "sha256:8b70eb40a78dfac24842458476135f9b99ab952dd3f2dab738c1881a9b38b753"},
    {file = "black-23.1.0-cp39-cp39-macosx_10_16_arm64.whl", hash = "sha256:a29650759a6a0944e7cca036674655c2f0f63806ddecc45ed40b7b8aa314b651"},
    {file = "black-23.1.0-cp39-cp39-macosx_10_16_universal2.whl", hash = "sha256:bb460c8561c8c1bec7824ecbc3ce085eb50005883a6203dcfb0122e95797ee06"},
    {file = "black-23.1.0-cp39-cp39-macosx_10_16_x86_64.whl", hash = "sha256:c91dfc2c2a4e50df0026f88d2215e166616e0c80e86004d0003ece0488db2739"},
    {file = "black-23.1.0-cp39-cp39-manylinux_2_17_x86_64.manylinux2014_x86_64.whl", hash = "sha256:2a951cc83ab535d248c89f300eccbd625e80ab880fbcfb5ac8afb5f01a258ac9"},
    {file = "black-23.1.0-cp39-cp39-win_amd64.whl", hash = "sha256:0680d4380db3719ebcfb2613f34e86c8e6d15ffeabcf8ec59355c5e7b85bb555"},
    {file = "black-23.1.0-py3-none-any.whl", hash = "sha256:7a0f701d314cfa0896b9001df70a530eb2472babb76086344e688829efd97d32"},
    {file = "black-23.1.0.tar.gz", hash = "sha256:b0bd97bea8903f5a2ba7219257a44e3f1f9d00073d6cc1add68f0beec69692ac"},
]

[package.dependencies]
click = ">=8.0.0"
mypy-extensions = ">=0.4.3"
packaging = ">=22.0"
pathspec = ">=0.9.0"
platformdirs = ">=2"
tomli = {version = ">=1.1.0", markers = "python_version < \"3.11\""}
typing-extensions = {version = ">=3.10.0.0", markers = "python_version < \"3.10\""}

[package.extras]
colorama = ["colorama (>=0.4.3)"]
d = ["aiohttp (>=3.7.4)"]
jupyter = ["ipython (>=7.8.0)", "tokenize-rt (>=3.2.0)"]
uvloop = ["uvloop (>=0.15.2)"]

[[package]]
name = "click"
version = "8.1.3"
description = "Composable command line interface toolkit"
category = "dev"
optional = false
python-versions = ">=3.7"
files = [
    {file = "click-8.1.3-py3-none-any.whl", hash = "sha256:bb4d8133cb15a609f44e8213d9b391b0809795062913b383c62be0ee95b1db48"},
    {file = "click-8.1.3.tar.gz", hash = "sha256:7682dc8afb30297001674575ea00d1814d808d6a36af415a82bd481d37ba7b8e"},
]

[package.dependencies]
colorama = {version = "*", markers = "platform_system == \"Windows\""}

[[package]]
name = "colorama"
version = "0.4.6"
description = "Cross-platform colored terminal text."
category = "dev"
optional = false
python-versions = "!=3.0.*,!=3.1.*,!=3.2.*,!=3.3.*,!=3.4.*,!=3.5.*,!=3.6.*,>=2.7"
files = [
    {file = "colorama-0.4.6-py2.py3-none-any.whl", hash = "sha256:4f1d9991f5acc0ca119f9d443620b77f9d6b33703e51011c16baf57afb285fc6"},
    {file = "colorama-0.4.6.tar.gz", hash = "sha256:08695f5cb7ed6e0531a20572697297273c47b8cae5a63ffc6d6ed5c201be6e44"},
]

[[package]]
name = "coverage"
version = "7.2.0"
description = "Code coverage measurement for Python"
category = "dev"
optional = false
python-versions = ">=3.7"
files = [
    {file = "coverage-7.2.0-cp310-cp310-macosx_10_9_x86_64.whl", hash = "sha256:90e7a4cbbb7b1916937d380beb1315b12957b8e895d7d9fb032e2038ac367525"},
    {file = "coverage-7.2.0-cp310-cp310-macosx_11_0_arm64.whl", hash = "sha256:34d7211be69b215ad92298a962b2cd5a4ef4b17c7871d85e15d3d1b6dc8d8c96"},
    {file = "coverage-7.2.0-cp310-cp310-manylinux_2_17_aarch64.manylinux2014_aarch64.whl", hash = "sha256:971b49dbf713044c3e5f6451b39f65615d4d1c1d9a19948fa0f41b0245a98765"},
    {file = "coverage-7.2.0-cp310-cp310-manylinux_2_5_i686.manylinux1_i686.manylinux_2_17_i686.manylinux2014_i686.whl", hash = "sha256:f0557289260125a6c453ad5673ba79e5b6841d9a20c9e101f758bfbedf928a77"},
    {file = "coverage-7.2.0-cp310-cp310-manylinux_2_5_x86_64.manylinux1_x86_64.manylinux_2_17_x86_64.manylinux2014_x86_64.whl", hash = "sha256:049806ae2df69468c130f04f0fab4212c46b34ba5590296281423bb1ae379df2"},
    {file = "coverage-7.2.0-cp310-cp310-musllinux_1_1_aarch64.whl", hash = "sha256:875b03d92ac939fbfa8ae74a35b2c468fc4f070f613d5b1692f9980099a3a210"},
    {file = "coverage-7.2.0-cp310-cp310-musllinux_1_1_i686.whl", hash = "sha256:c160e34e388277f10c50dc2c7b5e78abe6d07357d9fe7fcb2f3c156713fd647e"},
    {file = "coverage-7.2.0-cp310-cp310-musllinux_1_1_x86_64.whl", hash = "sha256:32e6a730fd18b2556716039ab93278ccebbefa1af81e6aa0c8dba888cf659e6e"},
    {file = "coverage-7.2.0-cp310-cp310-win32.whl", hash = "sha256:f3ff4205aff999164834792a3949f82435bc7c7655c849226d5836c3242d7451"},
    {file = "coverage-7.2.0-cp310-cp310-win_amd64.whl", hash = "sha256:93db11da6e728587e943dff8ae1b739002311f035831b6ecdb15e308224a4247"},
    {file = "coverage-7.2.0-cp311-cp311-macosx_10_9_x86_64.whl", hash = "sha256:cd38140b56538855d3d5722c6d1b752b35237e7ea3f360047ce57f3fade82d98"},
    {file = "coverage-7.2.0-cp311-cp311-macosx_11_0_arm64.whl", hash = "sha256:9dbb21561b0e04acabe62d2c274f02df0d715e8769485353ddf3cf84727e31ce"},
    {file = "coverage-7.2.0-cp311-cp311-manylinux_2_17_aarch64.manylinux2014_aarch64.whl", hash = "sha256:171dd3aa71a49274a7e4fc26f5bc167bfae5a4421a668bc074e21a0522a0af4b"},
    {file = "coverage-7.2.0-cp311-cp311-manylinux_2_5_i686.manylinux1_i686.manylinux_2_17_i686.manylinux2014_i686.whl", hash = "sha256:4655ecd813f4ba44857af3e9cffd133ab409774e9d2a7d8fdaf4fdfd2941b789"},
    {file = "coverage-7.2.0-cp311-cp311-manylinux_2_5_x86_64.manylinux1_x86_64.manylinux_2_17_x86_64.manylinux2014_x86_64.whl", hash = "sha256:1856a8c4aa77eb7ca0d42c996d0ca395ecafae658c1432b9da4528c429f2575c"},
    {file = "coverage-7.2.0-cp311-cp311-musllinux_1_1_aarch64.whl", hash = "sha256:bd67df6b48db18c10790635060858e2ea4109601e84a1e9bfdd92e898dc7dc79"},
    {file = "coverage-7.2.0-cp311-cp311-musllinux_1_1_i686.whl", hash = "sha256:2d7daf3da9c7e0ed742b3e6b4de6cc464552e787b8a6449d16517b31bbdaddf5"},
    {file = "coverage-7.2.0-cp311-cp311-musllinux_1_1_x86_64.whl", hash = "sha256:bf9e02bc3dee792b9d145af30db8686f328e781bd212fdef499db5e9e4dd8377"},
    {file = "coverage-7.2.0-cp311-cp311-win32.whl", hash = "sha256:3713a8ec18781fda408f0e853bf8c85963e2d3327c99a82a22e5c91baffcb934"},
    {file = "coverage-7.2.0-cp311-cp311-win_amd64.whl", hash = "sha256:88ae5929f0ef668b582fd7cad09b5e7277f50f912183cf969b36e82a1c26e49a"},
    {file = "coverage-7.2.0-cp37-cp37m-macosx_10_9_x86_64.whl", hash = "sha256:5e29a64e9586194ea271048bc80c83cdd4587830110d1e07b109e6ff435e5dbc"},
    {file = "coverage-7.2.0-cp37-cp37m-manylinux_2_17_aarch64.manylinux2014_aarch64.whl", hash = "sha256:8d5302eb84c61e758c9d68b8a2f93a398b272073a046d07da83d77b0edc8d76b"},
    {file = "coverage-7.2.0-cp37-cp37m-manylinux_2_5_i686.manylinux1_i686.manylinux_2_17_i686.manylinux2014_i686.whl", hash = "sha256:2c9fffbc39dc4a6277e1525cab06c161d11ee3995bbc97543dc74fcec33e045b"},
    {file = "coverage-7.2.0-cp37-cp37m-manylinux_2_5_x86_64.manylinux1_x86_64.manylinux_2_17_x86_64.manylinux2014_x86_64.whl", hash = "sha256:a6ceeab5fca62bca072eba6865a12d881f281c74231d2990f8a398226e1a5d96"},
    {file = "coverage-7.2.0-cp37-cp37m-musllinux_1_1_aarch64.whl", hash = "sha256:28563a35ef4a82b5bc5160a01853ce62b9fceee00760e583ffc8acf9e3413753"},
    {file = "coverage-7.2.0-cp37-cp37m-musllinux_1_1_i686.whl", hash = "sha256:bfa065307667f1c6e1f4c3e13f415b0925e34e56441f5fda2c84110a4a1d8bda"},
    {file = "coverage-7.2.0-cp37-cp37m-musllinux_1_1_x86_64.whl", hash = "sha256:7f992b32286c86c38f07a8b5c3fc88384199e82434040a729ec06b067ee0d52c"},
    {file = "coverage-7.2.0-cp37-cp37m-win32.whl", hash = "sha256:2c15bd09fd5009f3a79c8b3682b52973df29761030b692043f9834fc780947c4"},
    {file = "coverage-7.2.0-cp37-cp37m-win_amd64.whl", hash = "sha256:f332d61fbff353e2ef0f3130a166f499c3fad3a196e7f7ae72076d41a6bfb259"},
    {file = "coverage-7.2.0-cp38-cp38-macosx_10_9_x86_64.whl", hash = "sha256:577a8bc40c01ad88bb9ab1b3a1814f2f860ff5c5099827da2a3cafc5522dadea"},
    {file = "coverage-7.2.0-cp38-cp38-macosx_11_0_arm64.whl", hash = "sha256:9240a0335365c29c968131bdf624bb25a8a653a9c0d8c5dbfcabf80b59c1973c"},
    {file = "coverage-7.2.0-cp38-cp38-manylinux_2_17_aarch64.manylinux2014_aarch64.whl", hash = "sha256:358d3bce1468f298b19a3e35183bdb13c06cdda029643537a0cc37e55e74e8f1"},
    {file = "coverage-7.2.0-cp38-cp38-manylinux_2_5_i686.manylinux1_i686.manylinux_2_17_i686.manylinux2014_i686.whl", hash = "sha256:932048364ff9c39030c6ba360c31bf4500036d4e15c02a2afc5a76e7623140d4"},
    {file = "coverage-7.2.0-cp38-cp38-manylinux_2_5_x86_64.manylinux1_x86_64.manylinux_2_17_x86_64.manylinux2014_x86_64.whl", hash = "sha256:7efa21611ffc91156e6f053997285c6fe88cfef3fb7533692d0692d2cb30c846"},
    {file = "coverage-7.2.0-cp38-cp38-musllinux_1_1_aarch64.whl", hash = "sha256:465ea431c3b78a87e32d7d9ea6d081a1003c43a442982375cf2c247a19971961"},
    {file = "coverage-7.2.0-cp38-cp38-musllinux_1_1_i686.whl", hash = "sha256:0f03c229f1453b936916f68a47b3dfb5e84e7ad48e160488168a5e35115320c8"},
    {file = "coverage-7.2.0-cp38-cp38-musllinux_1_1_x86_64.whl", hash = "sha256:40785553d68c61e61100262b73f665024fd2bb3c6f0f8e2cd5b13e10e4df027b"},
    {file = "coverage-7.2.0-cp38-cp38-win32.whl", hash = "sha256:b09dd7bef59448c66e6b490cc3f3c25c14bc85d4e3c193b81a6204be8dd355de"},
    {file = "coverage-7.2.0-cp38-cp38-win_amd64.whl", hash = "sha256:dc4f9a89c82faf6254d646180b2e3aa4daf5ff75bdb2c296b9f6a6cf547e26a7"},
    {file = "coverage-7.2.0-cp39-cp39-macosx_10_9_x86_64.whl", hash = "sha256:c243b25051440386179591a8d5a5caff4484f92c980fb6e061b9559da7cc3f64"},
    {file = "coverage-7.2.0-cp39-cp39-macosx_11_0_arm64.whl", hash = "sha256:4b8fd32f85b256fc096deeb4872aeb8137474da0c0351236f93cbedc359353d6"},
    {file = "coverage-7.2.0-cp39-cp39-manylinux_2_17_aarch64.manylinux2014_aarch64.whl", hash = "sha256:d7f2a7df523791e6a63b40360afa6792a11869651307031160dc10802df9a252"},
    {file = "coverage-7.2.0-cp39-cp39-manylinux_2_5_i686.manylinux1_i686.manylinux_2_17_i686.manylinux2014_i686.whl", hash = "sha256:da32526326e8da0effb452dc32a21ffad282c485a85a02aeff2393156f69c1c3"},
    {file = "coverage-7.2.0-cp39-cp39-manylinux_2_5_x86_64.manylinux1_x86_64.manylinux_2_17_x86_64.manylinux2014_x86_64.whl", hash = "sha256:4c1153a6156715db9d6ae8283480ae67fb67452aa693a56d7dae9ffe8f7a80da"},
    {file = "coverage-7.2.0-cp39-cp39-musllinux_1_1_aarch64.whl", hash = "sha256:74cd60fa00f46f28bd40048d6ca26bd58e9bee61d2b0eb4ec18cea13493c003f"},
    {file = "coverage-7.2.0-cp39-cp39-musllinux_1_1_i686.whl", hash = "sha256:59a427f8a005aa7254074719441acb25ac2c2f60c1f1026d43f846d4254c1c2f"},
    {file = "coverage-7.2.0-cp39-cp39-musllinux_1_1_x86_64.whl", hash = "sha256:c3c4beddee01c8125a75cde3b71be273995e2e9ec08fbc260dd206b46bb99969"},
    {file = "coverage-7.2.0-cp39-cp39-win32.whl", hash = "sha256:08e3dd256b8d3e07bb230896c8c96ec6c5dffbe5a133ba21f8be82b275b900e8"},
    {file = "coverage-7.2.0-cp39-cp39-win_amd64.whl", hash = "sha256:ad12c74c6ce53a027f5a5ecbac9be20758a41c85425c1bbab7078441794b04ee"},
    {file = "coverage-7.2.0-pp37.pp38.pp39-none-any.whl", hash = "sha256:ffa637a2d5883298449a5434b699b22ef98dd8e2ef8a1d9e60fa9cfe79813411"},
    {file = "coverage-7.2.0.tar.gz", hash = "sha256:9cc9c41aa5af16d845b53287051340c363dd03b7ef408e45eec3af52be77810d"},
]

[package.dependencies]
tomli = {version = "*", optional = true, markers = "python_full_version <= \"3.11.0a6\" and extra == \"toml\""}

[package.extras]
toml = ["tomli"]

[[package]]
name = "exceptiongroup"
version = "1.1.0"
description = "Backport of PEP 654 (exception groups)"
category = "dev"
optional = false
python-versions = ">=3.7"
files = [
    {file = "exceptiongroup-1.1.0-py3-none-any.whl", hash = "sha256:327cbda3da756e2de031a3107b81ab7b3770a602c4d16ca618298c526f4bec1e"},
    {file = "exceptiongroup-1.1.0.tar.gz", hash = "sha256:bcb67d800a4497e1b404c2dd44fca47d3b7a5e5433dbab67f96c1a685cdfdf23"},
]

[package.extras]
test = ["pytest (>=6)"]

[[package]]
name = "flake8"
version = "5.0.4"
description = "the modular source code checker: pep8 pyflakes and co"
category = "dev"
optional = false
python-versions = ">=3.6.1"
files = [
    {file = "flake8-5.0.4-py2.py3-none-any.whl", hash = "sha256:7a1cf6b73744f5806ab95e526f6f0d8c01c66d7bbe349562d22dfca20610b248"},
    {file = "flake8-5.0.4.tar.gz", hash = "sha256:6fbe320aad8d6b95cec8b8e47bc933004678dc63095be98528b7bdd2a9f510db"},
]

[package.dependencies]
mccabe = ">=0.7.0,<0.8.0"
pycodestyle = ">=2.9.0,<2.10.0"
pyflakes = ">=2.5.0,<2.6.0"

[[package]]
name = "importlib-metadata"
version = "6.0.0"
description = "Read metadata from Python packages"
category = "dev"
optional = false
python-versions = ">=3.7"
files = [
    {file = "importlib_metadata-6.0.0-py3-none-any.whl", hash = "sha256:7efb448ec9a5e313a57655d35aa54cd3e01b7e1fbcf72dce1bf06119420f5bad"},
    {file = "importlib_metadata-6.0.0.tar.gz", hash = "sha256:e354bedeb60efa6affdcc8ae121b73544a7aa74156d047311948f6d711cd378d"},
]

[package.dependencies]
zipp = ">=0.5"

[package.extras]
docs = ["furo", "jaraco.packaging (>=9)", "jaraco.tidelift (>=1.4)", "rst.linker (>=1.9)", "sphinx (>=3.5)", "sphinx-lint"]
perf = ["ipython"]
testing = ["flake8 (<5)", "flufl.flake8", "importlib-resources (>=1.3)", "packaging", "pyfakefs", "pytest (>=6)", "pytest-black (>=0.3.7)", "pytest-checkdocs (>=2.4)", "pytest-cov", "pytest-enabler (>=1.3)", "pytest-flake8", "pytest-mypy (>=0.9.1)", "pytest-perf (>=0.9.2)"]

[[package]]
name = "iniconfig"
version = "2.0.0"
description = "brain-dead simple config-ini parsing"
category = "dev"
optional = false
python-versions = ">=3.7"
files = [
    {file = "iniconfig-2.0.0-py3-none-any.whl", hash = "sha256:b6a85871a79d2e3b22d2d1b94ac2824226a63c6b741c88f7ae975f18b6778374"},
    {file = "iniconfig-2.0.0.tar.gz", hash = "sha256:2d91e135bf72d31a410b17c16da610a82cb55f6b0477d1a902134b24a455b8b3"},
]

[[package]]
name = "isort"
version = "5.12.0"
description = "A Python utility / library to sort Python imports."
category = "dev"
optional = false
python-versions = ">=3.8.0"
files = [
    {file = "isort-5.12.0-py3-none-any.whl", hash = "sha256:f84c2818376e66cf843d497486ea8fed8700b340f308f076c6fb1229dff318b6"},
    {file = "isort-5.12.0.tar.gz", hash = "sha256:8bef7dde241278824a6d83f44a544709b065191b95b6e50894bdc722fcba0504"},
]

[package.extras]
colors = ["colorama (>=0.4.3)"]
pipfile-deprecated-finder = ["pip-shims (>=0.5.2)", "pipreqs", "requirementslib"]
plugins = ["setuptools"]
requirements-deprecated-finder = ["pip-api", "pipreqs"]

[[package]]
name = "linkify-it-py"
version = "2.0.0"
description = "Links recognition library with FULL unicode support."
category = "dev"
optional = false
python-versions = ">=3.6"
files = [
    {file = "linkify-it-py-2.0.0.tar.gz", hash = "sha256:476464480906bed8b2fa3813bf55566282e55214ad7e41b7d1c2b564666caf2f"},
    {file = "linkify_it_py-2.0.0-py3-none-any.whl", hash = "sha256:1bff43823e24e507a099e328fc54696124423dd6320c75a9da45b4b754b748ad"},
]

[package.dependencies]
uc-micro-py = "*"

[package.extras]
benchmark = ["pytest", "pytest-benchmark"]
dev = ["black", "flake8", "isort", "pre-commit"]
doc = ["myst-parser", "sphinx", "sphinx-book-theme"]
test = ["coverage", "pytest", "pytest-cov"]

[[package]]
name = "markdown-it-py"
version = "2.2.0"
description = "Python port of markdown-it. Markdown parsing, done right!"
category = "dev"
optional = false
python-versions = ">=3.7"
files = [
    {file = "markdown-it-py-2.2.0.tar.gz", hash = "sha256:7c9a5e412688bc771c67432cbfebcdd686c93ce6484913dccf06cb5a0bea35a1"},
    {file = "markdown_it_py-2.2.0-py3-none-any.whl", hash = "sha256:5a35f8d1870171d9acc47b99612dc146129b631baf04970128b568f190d0cc30"},
]

[package.dependencies]
linkify-it-py = {version = ">=1,<3", optional = true, markers = "extra == \"linkify\""}
mdurl = ">=0.1,<1.0"

[package.extras]
benchmarking = ["psutil", "pytest", "pytest-benchmark"]
code-style = ["pre-commit (>=3.0,<4.0)"]
compare = ["commonmark (>=0.9,<1.0)", "markdown (>=3.4,<4.0)", "mistletoe (>=1.0,<2.0)", "mistune (>=2.0,<3.0)", "panflute (>=2.3,<3.0)"]
linkify = ["linkify-it-py (>=1,<3)"]
plugins = ["mdit-py-plugins"]
profiling = ["gprof2dot"]
rtd = ["attrs", "myst-parser", "pyyaml", "sphinx", "sphinx-copybutton", "sphinx-design", "sphinx_book_theme"]
testing = ["coverage", "pytest", "pytest-cov", "pytest-regressions"]

[[package]]
name = "mccabe"
version = "0.7.0"
description = "McCabe checker, plugin for flake8"
category = "dev"
optional = false
python-versions = ">=3.6"
files = [
    {file = "mccabe-0.7.0-py2.py3-none-any.whl", hash = "sha256:6c2d30ab6be0e4a46919781807b4f0d834ebdd6c6e3dca0bda5a15f863427b6e"},
    {file = "mccabe-0.7.0.tar.gz", hash = "sha256:348e0240c33b60bbdf4e523192ef919f28cb2c3d7d5c7794f74009290f236325"},
]

[[package]]
name = "mdformat"
version = "0.7.16"
description = "CommonMark compliant Markdown formatter"
category = "dev"
optional = false
python-versions = ">=3.7"
files = [
    {file = "mdformat-0.7.16-py3-none-any.whl", hash = "sha256:76398d03baa394f331fb560fd0aed8257cf77b65b1c8146b92d395af16253662"},
    {file = "mdformat-0.7.16.tar.gz", hash = "sha256:99b105033207d2ab70ba1ced8e07327ed4ef1e0a6bc1c7c00207ea73ab502782"},
]

[package.dependencies]
importlib-metadata = {version = ">=3.6.0", markers = "python_version < \"3.10\""}
markdown-it-py = ">=1.0.0,<3.0.0"
tomli = {version = ">=1.1.0", markers = "python_version < \"3.11\""}

[[package]]
name = "mdformat-footnote"
version = "0.1.1"
description = "An mdformat plugin for parsing/validating footnotes"
category = "dev"
optional = false
python-versions = ">=3.7"
files = [
    {file = "mdformat_footnote-0.1.1-py3-none-any.whl", hash = "sha256:30063aaa0f74c36257c2e80fa0cf00d7c71a5277f27e98109e8765ae8678a95b"},
    {file = "mdformat_footnote-0.1.1.tar.gz", hash = "sha256:3b85c4c84119f15f0b651df89c99a4f6f119fc46dca6b33f7edf4f09655d1126"},
]

[package.dependencies]
mdformat = ">=0.7.8,<0.8.0"
mdit-py-plugins = "*"

[package.extras]
dev = ["pre-commit"]
test = ["coverage", "pytest (>=6.0,<7.0)", "pytest-cov"]

[[package]]
name = "mdformat-frontmatter"
version = "2.0.1"
description = "An mdformat plugin for parsing / ignoring frontmatter."
category = "dev"
optional = false
python-versions = ">=3.7"
files = [
    {file = "mdformat_frontmatter-2.0.1-py3-none-any.whl", hash = "sha256:354143935a103d6049239f5c2df288c80d0fbea8f7dd9e535ccc180e8c5aa235"},
    {file = "mdformat_frontmatter-2.0.1.tar.gz", hash = "sha256:a05c188ba2f483ab434b4e46e312c1a2ccf145e9ab95e3f493f8967c182ffd5c"},
]

[package.dependencies]
mdformat = ">=0.7.0,<0.8.0"
mdit-py-plugins = "*"
"ruamel.yaml" = "*"

[package.extras]
dev = ["pre-commit"]
test = ["coverage", "pytest (>=6.0,<7.0)", "pytest-cov"]

[[package]]
name = "mdformat-gfm"
version = "0.3.5"
description = "Mdformat plugin for GitHub Flavored Markdown compatibility"
category = "dev"
optional = false
python-versions = ">=3.7,<4.0"
files = [
    {file = "mdformat-gfm-0.3.5.tar.gz", hash = "sha256:5ee5f0de1d3b56d5edfced023bfff0aeed958be328e5460dac3221ac1b61ce7c"},
    {file = "mdformat_gfm-0.3.5-py3-none-any.whl", hash = "sha256:1e627edc7665b59e008b3b9e5decc18c40cbd625c196d77e5ea3bc624e80ac8a"},
]

[package.dependencies]
markdown-it-py = {version = "*", extras = ["linkify"]}
mdformat = ">=0.7.5,<0.8.0"
mdformat-tables = ">=0.4.0"
mdit-py-plugins = ">=0.2.0,<0.4.0"

[[package]]
name = "mdformat-tables"
version = "0.4.1"
description = "An mdformat plugin for rendering tables."
category = "dev"
optional = false
python-versions = ">=3.6.1"
files = [
    {file = "mdformat_tables-0.4.1-py3-none-any.whl", hash = "sha256:981f3dc7350027f78e3fd6a5fe8a16e123eec423af2d140e588d855751501019"},
    {file = "mdformat_tables-0.4.1.tar.gz", hash = "sha256:3024e88e9d29d7b8bb07fd6b59c9d5dcf14d2060122be29e30e72d27b65d7da9"},
]

[package.dependencies]
mdformat = ">=0.7.5,<0.8.0"

[package.extras]
test = ["coverage", "pytest (>=6.0,<7.0)", "pytest-cov"]

[[package]]
name = "mdit-py-plugins"
version = "0.3.4"
description = "Collection of plugins for markdown-it-py"
category = "dev"
optional = false
python-versions = ">=3.7"
files = [
    {file = "mdit-py-plugins-0.3.4.tar.gz", hash = "sha256:3278aab2e2b692539082f05e1243f24742194ffd92481f48844f057b51971283"},
    {file = "mdit_py_plugins-0.3.4-py3-none-any.whl", hash = "sha256:4f1441264ac5cb39fa40a5901921c2acf314ea098d75629750c138f80d552cdf"},
]

[package.dependencies]
markdown-it-py = ">=1.0.0,<3.0.0"

[package.extras]
code-style = ["pre-commit"]
rtd = ["attrs", "myst-parser (>=0.16.1,<0.17.0)", "sphinx-book-theme (>=0.1.0,<0.2.0)"]
testing = ["coverage", "pytest", "pytest-cov", "pytest-regressions"]

[[package]]
name = "mdurl"
version = "0.1.2"
description = "Markdown URL utilities"
category = "dev"
optional = false
python-versions = ">=3.7"
files = [
    {file = "mdurl-0.1.2-py3-none-any.whl", hash = "sha256:84008a41e51615a49fc9966191ff91509e3c40b939176e643fd50a5c2196b8f8"},
    {file = "mdurl-0.1.2.tar.gz", hash = "sha256:bb413d29f5eea38f31dd4754dd7377d4465116fb207585f97bf925588687c1ba"},
]

[[package]]
name = "mypy"
version = "1.0.1"
description = "Optional static typing for Python"
category = "dev"
optional = false
python-versions = ">=3.7"
files = [
    {file = "mypy-1.0.1-cp310-cp310-macosx_10_9_x86_64.whl", hash = "sha256:71a808334d3f41ef011faa5a5cd8153606df5fc0b56de5b2e89566c8093a0c9a"},
    {file = "mypy-1.0.1-cp310-cp310-macosx_11_0_arm64.whl", hash = "sha256:920169f0184215eef19294fa86ea49ffd4635dedfdea2b57e45cb4ee85d5ccaf"},
    {file = "mypy-1.0.1-cp310-cp310-manylinux_2_17_x86_64.manylinux2014_x86_64.whl", hash = "sha256:27a0f74a298769d9fdc8498fcb4f2beb86f0564bcdb1a37b58cbbe78e55cf8c0"},
    {file = "mypy-1.0.1-cp310-cp310-musllinux_1_1_x86_64.whl", hash = "sha256:65b122a993d9c81ea0bfde7689b3365318a88bde952e4dfa1b3a8b4ac05d168b"},
    {file = "mypy-1.0.1-cp310-cp310-win_amd64.whl", hash = "sha256:5deb252fd42a77add936b463033a59b8e48eb2eaec2976d76b6878d031933fe4"},
    {file = "mypy-1.0.1-cp311-cp311-macosx_10_9_x86_64.whl", hash = "sha256:2013226d17f20468f34feddd6aae4635a55f79626549099354ce641bc7d40262"},
    {file = "mypy-1.0.1-cp311-cp311-macosx_11_0_arm64.whl", hash = "sha256:48525aec92b47baed9b3380371ab8ab6e63a5aab317347dfe9e55e02aaad22e8"},
    {file = "mypy-1.0.1-cp311-cp311-manylinux_2_17_x86_64.manylinux2014_x86_64.whl", hash = "sha256:c96b8a0c019fe29040d520d9257d8c8f122a7343a8307bf8d6d4a43f5c5bfcc8"},
    {file = "mypy-1.0.1-cp311-cp311-musllinux_1_1_x86_64.whl", hash = "sha256:448de661536d270ce04f2d7dddaa49b2fdba6e3bd8a83212164d4174ff43aa65"},
    {file = "mypy-1.0.1-cp311-cp311-win_amd64.whl", hash = "sha256:d42a98e76070a365a1d1c220fcac8aa4ada12ae0db679cb4d910fabefc88b994"},
    {file = "mypy-1.0.1-cp37-cp37m-macosx_10_9_x86_64.whl", hash = "sha256:e64f48c6176e243ad015e995de05af7f22bbe370dbb5b32bd6988438ec873919"},
    {file = "mypy-1.0.1-cp37-cp37m-manylinux_2_17_x86_64.manylinux2014_x86_64.whl", hash = "sha256:5fdd63e4f50e3538617887e9aee91855368d9fc1dea30da743837b0df7373bc4"},
    {file = "mypy-1.0.1-cp37-cp37m-musllinux_1_1_x86_64.whl", hash = "sha256:dbeb24514c4acbc78d205f85dd0e800f34062efcc1f4a4857c57e4b4b8712bff"},
    {file = "mypy-1.0.1-cp37-cp37m-win_amd64.whl", hash = "sha256:a2948c40a7dd46c1c33765718936669dc1f628f134013b02ff5ac6c7ef6942bf"},
    {file = "mypy-1.0.1-cp38-cp38-macosx_10_9_x86_64.whl", hash = "sha256:5bc8d6bd3b274dd3846597855d96d38d947aedba18776aa998a8d46fabdaed76"},
    {file = "mypy-1.0.1-cp38-cp38-macosx_11_0_arm64.whl", hash = "sha256:17455cda53eeee0a4adb6371a21dd3dbf465897de82843751cf822605d152c8c"},
    {file = "mypy-1.0.1-cp38-cp38-manylinux_2_17_x86_64.manylinux2014_x86_64.whl", hash = "sha256:e831662208055b006eef68392a768ff83596035ffd6d846786578ba1714ba8f6"},
    {file = "mypy-1.0.1-cp38-cp38-musllinux_1_1_x86_64.whl", hash = "sha256:e60d0b09f62ae97a94605c3f73fd952395286cf3e3b9e7b97f60b01ddfbbda88"},
    {file = "mypy-1.0.1-cp38-cp38-win_amd64.whl", hash = "sha256:0af4f0e20706aadf4e6f8f8dc5ab739089146b83fd53cb4a7e0e850ef3de0bb6"},
    {file = "mypy-1.0.1-cp39-cp39-macosx_10_9_x86_64.whl", hash = "sha256:24189f23dc66f83b839bd1cce2dfc356020dfc9a8bae03978477b15be61b062e"},
    {file = "mypy-1.0.1-cp39-cp39-macosx_11_0_arm64.whl", hash = "sha256:93a85495fb13dc484251b4c1fd7a5ac370cd0d812bbfc3b39c1bafefe95275d5"},
    {file = "mypy-1.0.1-cp39-cp39-manylinux_2_17_x86_64.manylinux2014_x86_64.whl", hash = "sha256:5f546ac34093c6ce33f6278f7c88f0f147a4849386d3bf3ae193702f4fe31407"},
    {file = "mypy-1.0.1-cp39-cp39-musllinux_1_1_x86_64.whl", hash = "sha256:c6c2ccb7af7154673c591189c3687b013122c5a891bb5651eca3db8e6c6c55bd"},
    {file = "mypy-1.0.1-cp39-cp39-win_amd64.whl", hash = "sha256:15b5a824b58c7c822c51bc66308e759243c32631896743f030daf449fe3677f3"},
    {file = "mypy-1.0.1-py3-none-any.whl", hash = "sha256:eda5c8b9949ed411ff752b9a01adda31afe7eae1e53e946dbdf9db23865e66c4"},
    {file = "mypy-1.0.1.tar.gz", hash = "sha256:28cea5a6392bb43d266782983b5a4216c25544cd7d80be681a155ddcdafd152d"},
]

[package.dependencies]
mypy-extensions = ">=0.4.3"
tomli = {version = ">=1.1.0", markers = "python_version < \"3.11\""}
typing-extensions = ">=3.10"

[package.extras]
dmypy = ["psutil (>=4.0)"]
install-types = ["pip"]
python2 = ["typed-ast (>=1.4.0,<2)"]
reports = ["lxml"]

[[package]]
name = "mypy-extensions"
version = "1.0.0"
description = "Type system extensions for programs checked with the mypy type checker."
category = "dev"
optional = false
python-versions = ">=3.5"
files = [
    {file = "mypy_extensions-1.0.0-py3-none-any.whl", hash = "sha256:4392f6c0eb8a5668a69e23d168ffa70f0be9ccfd32b5cc2d26a34ae5b844552d"},
    {file = "mypy_extensions-1.0.0.tar.gz", hash = "sha256:75dbf8955dc00442a438fc4d0666508a9a97b6bd41aa2f0ffe9d2f2725af0782"},
]

[[package]]
name = "packaging"
version = "23.0"
description = "Core utilities for Python packages"
category = "dev"
optional = false
python-versions = ">=3.7"
files = [
    {file = "packaging-23.0-py3-none-any.whl", hash = "sha256:714ac14496c3e68c99c29b00845f7a2b85f3bb6f1078fd9f72fd20f0570002b2"},
    {file = "packaging-23.0.tar.gz", hash = "sha256:b6ad297f8907de0fa2fe1ccbd26fdaf387f5f47c7275fedf8cce89f99446cf97"},
]

[[package]]
name = "pathspec"
version = "0.11.0"
description = "Utility library for gitignore style pattern matching of file paths."
category = "dev"
optional = false
python-versions = ">=3.7"
files = [
    {file = "pathspec-0.11.0-py3-none-any.whl", hash = "sha256:3a66eb970cbac598f9e5ccb5b2cf58930cd8e3ed86d393d541eaf2d8b1705229"},
    {file = "pathspec-0.11.0.tar.gz", hash = "sha256:64d338d4e0914e91c1792321e6907b5a593f1ab1851de7fc269557a21b30ebbc"},
]

[[package]]
name = "platformdirs"
version = "3.0.0"
description = "A small Python package for determining appropriate platform-specific dirs, e.g. a \"user data dir\"."
category = "dev"
optional = false
python-versions = ">=3.7"
files = [
    {file = "platformdirs-3.0.0-py3-none-any.whl", hash = "sha256:b1d5eb14f221506f50d6604a561f4c5786d9e80355219694a1b244bcd96f4567"},
    {file = "platformdirs-3.0.0.tar.gz", hash = "sha256:8a1228abb1ef82d788f74139988b137e78692984ec7b08eaa6c65f1723af28f9"},
]

[package.extras]
docs = ["furo (>=2022.12.7)", "proselint (>=0.13)", "sphinx (>=6.1.3)", "sphinx-autodoc-typehints (>=1.22,!=1.23.4)"]
test = ["appdirs (==1.4.4)", "covdefaults (>=2.2.2)", "pytest (>=7.2.1)", "pytest-cov (>=4)", "pytest-mock (>=3.10)"]

[[package]]
name = "pluggy"
version = "1.0.0"
description = "plugin and hook calling mechanisms for python"
category = "dev"
optional = false
python-versions = ">=3.6"
files = [
    {file = "pluggy-1.0.0-py2.py3-none-any.whl", hash = "sha256:74134bbf457f031a36d68416e1509f34bd5ccc019f0bcc952c7b909d06b37bd3"},
    {file = "pluggy-1.0.0.tar.gz", hash = "sha256:4224373bacce55f955a878bf9cfa763c1e360858e330072059e10bad68531159"},
]

[package.extras]
dev = ["pre-commit", "tox"]
testing = ["pytest", "pytest-benchmark"]

[[package]]
name = "pycodestyle"
version = "2.9.1"
description = "Python style guide checker"
category = "dev"
optional = false
python-versions = ">=3.6"
files = [
    {file = "pycodestyle-2.9.1-py2.py3-none-any.whl", hash = "sha256:d1735fc58b418fd7c5f658d28d943854f8a849b01a5d0a1e6f3f3fdd0166804b"},
    {file = "pycodestyle-2.9.1.tar.gz", hash = "sha256:2c9607871d58c76354b697b42f5d57e1ada7d261c261efac224b664affdc5785"},
]

[[package]]
name = "pyflakes"
version = "2.5.0"
description = "passive checker of Python programs"
category = "dev"
optional = false
python-versions = ">=3.6"
files = [
    {file = "pyflakes-2.5.0-py2.py3-none-any.whl", hash = "sha256:4579f67d887f804e67edb544428f264b7b24f435b263c4614f384135cea553d2"},
    {file = "pyflakes-2.5.0.tar.gz", hash = "sha256:491feb020dca48ccc562a8c0cbe8df07ee13078df59813b83959cbdada312ea3"},
]

[[package]]
name = "pytest"
version = "7.2.1"
description = "pytest: simple powerful testing with Python"
category = "dev"
optional = false
python-versions = ">=3.7"
files = [
    {file = "pytest-7.2.1-py3-none-any.whl", hash = "sha256:c7c6ca206e93355074ae32f7403e8ea12163b1163c976fee7d4d84027c162be5"},
    {file = "pytest-7.2.1.tar.gz", hash = "sha256:d45e0952f3727241918b8fd0f376f5ff6b301cc0777c6f9a556935c92d8a7d42"},
]

[package.dependencies]
attrs = ">=19.2.0"
colorama = {version = "*", markers = "sys_platform == \"win32\""}
exceptiongroup = {version = ">=1.0.0rc8", markers = "python_version < \"3.11\""}
iniconfig = "*"
packaging = "*"
pluggy = ">=0.12,<2.0"
tomli = {version = ">=1.0.0", markers = "python_version < \"3.11\""}

[package.extras]
testing = ["argcomplete", "hypothesis (>=3.56)", "mock", "nose", "pygments (>=2.7.2)", "requests", "xmlschema"]

[[package]]
name = "pytest-cov"
version = "4.0.0"
description = "Pytest plugin for measuring coverage."
category = "dev"
optional = false
python-versions = ">=3.6"
files = [
    {file = "pytest-cov-4.0.0.tar.gz", hash = "sha256:996b79efde6433cdbd0088872dbc5fb3ed7fe1578b68cdbba634f14bb8dd0470"},
    {file = "pytest_cov-4.0.0-py3-none-any.whl", hash = "sha256:2feb1b751d66a8bd934e5edfa2e961d11309dc37b73b0eabe73b5945fee20f6b"},
]

[package.dependencies]
coverage = {version = ">=5.2.1", extras = ["toml"]}
pytest = ">=4.6"

[package.extras]
testing = ["fields", "hunter", "process-tests", "pytest-xdist", "six", "virtualenv"]

[[package]]
name = "ruamel-yaml"
version = "0.17.21"
description = "ruamel.yaml is a YAML parser/emitter that supports roundtrip preservation of comments, seq/map flow style, and map key order"
category = "dev"
optional = false
python-versions = ">=3"
files = [
    {file = "ruamel.yaml-0.17.21-py3-none-any.whl", hash = "sha256:742b35d3d665023981bd6d16b3d24248ce5df75fdb4e2924e93a05c1f8b61ca7"},
    {file = "ruamel.yaml-0.17.21.tar.gz", hash = "sha256:8b7ce697a2f212752a35c1ac414471dc16c424c9573be4926b56ff3f5d23b7af"},
]

[package.dependencies]
"ruamel.yaml.clib" = {version = ">=0.2.6", markers = "platform_python_implementation == \"CPython\" and python_version < \"3.11\""}

[package.extras]
docs = ["ryd"]
jinja2 = ["ruamel.yaml.jinja2 (>=0.2)"]

[[package]]
name = "ruamel-yaml-clib"
version = "0.2.7"
description = "C version of reader, parser and emitter for ruamel.yaml derived from libyaml"
category = "dev"
optional = false
python-versions = ">=3.5"
files = [
    {file = "ruamel.yaml.clib-0.2.7-cp310-cp310-macosx_10_9_universal2.whl", hash = "sha256:d5859983f26d8cd7bb5c287ef452e8aacc86501487634573d260968f753e1d71"},
    {file = "ruamel.yaml.clib-0.2.7-cp310-cp310-macosx_12_0_arm64.whl", hash = "sha256:debc87a9516b237d0466a711b18b6ebeb17ba9f391eb7f91c649c5c4ec5006c7"},
    {file = "ruamel.yaml.clib-0.2.7-cp310-cp310-manylinux2014_aarch64.whl", hash = "sha256:df5828871e6648db72d1c19b4bd24819b80a755c4541d3409f0f7acd0f335c80"},
    {file = "ruamel.yaml.clib-0.2.7-cp310-cp310-manylinux_2_17_x86_64.manylinux2014_x86_64.manylinux_2_24_x86_64.whl", hash = "sha256:efa08d63ef03d079dcae1dfe334f6c8847ba8b645d08df286358b1f5293d24ab"},
    {file = "ruamel.yaml.clib-0.2.7-cp310-cp310-win32.whl", hash = "sha256:763d65baa3b952479c4e972669f679fe490eee058d5aa85da483ebae2009d231"},
    {file = "ruamel.yaml.clib-0.2.7-cp310-cp310-win_amd64.whl", hash = "sha256:d000f258cf42fec2b1bbf2863c61d7b8918d31ffee905da62dede869254d3b8a"},
    {file = "ruamel.yaml.clib-0.2.7-cp311-cp311-macosx_10_9_universal2.whl", hash = "sha256:045e0626baf1c52e5527bd5db361bc83180faaba2ff586e763d3d5982a876a9e"},
    {file = "ruamel.yaml.clib-0.2.7-cp311-cp311-macosx_12_6_arm64.whl", hash = "sha256:721bc4ba4525f53f6a611ec0967bdcee61b31df5a56801281027a3a6d1c2daf5"},
    {file = "ruamel.yaml.clib-0.2.7-cp311-cp311-manylinux_2_17_x86_64.manylinux2014_x86_64.manylinux_2_24_x86_64.whl", hash = "sha256:41d0f1fa4c6830176eef5b276af04c89320ea616655d01327d5ce65e50575c94"},
    {file = "ruamel.yaml.clib-0.2.7-cp36-cp36m-macosx_10_9_x86_64.whl", hash = "sha256:4b3a93bb9bc662fc1f99c5c3ea8e623d8b23ad22f861eb6fce9377ac07ad6072"},
    {file = "ruamel.yaml.clib-0.2.7-cp36-cp36m-macosx_12_0_arm64.whl", hash = "sha256:a234a20ae07e8469da311e182e70ef6b199d0fbeb6c6cc2901204dd87fb867e8"},
    {file = "ruamel.yaml.clib-0.2.7-cp36-cp36m-manylinux2014_aarch64.whl", hash = "sha256:15910ef4f3e537eea7fe45f8a5d19997479940d9196f357152a09031c5be59f3"},
    {file = "ruamel.yaml.clib-0.2.7-cp36-cp36m-manylinux_2_17_x86_64.manylinux2014_x86_64.manylinux_2_24_x86_64.whl", hash = "sha256:370445fd795706fd291ab00c9df38a0caed0f17a6fb46b0f607668ecb16ce763"},
    {file = "ruamel.yaml.clib-0.2.7-cp36-cp36m-win32.whl", hash = "sha256:ecdf1a604009bd35c674b9225a8fa609e0282d9b896c03dd441a91e5f53b534e"},
    {file = "ruamel.yaml.clib-0.2.7-cp36-cp36m-win_amd64.whl", hash = "sha256:f34019dced51047d6f70cb9383b2ae2853b7fc4dce65129a5acd49f4f9256646"},
    {file = "ruamel.yaml.clib-0.2.7-cp37-cp37m-macosx_10_9_x86_64.whl", hash = "sha256:2aa261c29a5545adfef9296b7e33941f46aa5bbd21164228e833412af4c9c75f"},
    {file = "ruamel.yaml.clib-0.2.7-cp37-cp37m-macosx_12_0_arm64.whl", hash = "sha256:f01da5790e95815eb5a8a138508c01c758e5f5bc0ce4286c4f7028b8dd7ac3d0"},
    {file = "ruamel.yaml.clib-0.2.7-cp37-cp37m-manylinux2014_aarch64.whl", hash = "sha256:40d030e2329ce5286d6b231b8726959ebbe0404c92f0a578c0e2482182e38282"},
    {file = "ruamel.yaml.clib-0.2.7-cp37-cp37m-manylinux_2_17_x86_64.manylinux2014_x86_64.manylinux_2_24_x86_64.whl", hash = "sha256:c3ca1fbba4ae962521e5eb66d72998b51f0f4d0f608d3c0347a48e1af262efa7"},
    {file = "ruamel.yaml.clib-0.2.7-cp37-cp37m-win32.whl", hash = "sha256:7bdb4c06b063f6fd55e472e201317a3bb6cdeeee5d5a38512ea5c01e1acbdd93"},
    {file = "ruamel.yaml.clib-0.2.7-cp37-cp37m-win_amd64.whl", hash = "sha256:be2a7ad8fd8f7442b24323d24ba0b56c51219513cfa45b9ada3b87b76c374d4b"},
    {file = "ruamel.yaml.clib-0.2.7-cp38-cp38-macosx_10_9_x86_64.whl", hash = "sha256:91a789b4aa0097b78c93e3dc4b40040ba55bef518f84a40d4442f713b4094acb"},
    {file = "ruamel.yaml.clib-0.2.7-cp38-cp38-macosx_12_0_arm64.whl", hash = "sha256:99e77daab5d13a48a4054803d052ff40780278240a902b880dd37a51ba01a307"},
    {file = "ruamel.yaml.clib-0.2.7-cp38-cp38-manylinux2014_aarch64.whl", hash = "sha256:3243f48ecd450eddadc2d11b5feb08aca941b5cd98c9b1db14b2fd128be8c697"},
    {file = "ruamel.yaml.clib-0.2.7-cp38-cp38-manylinux_2_17_x86_64.manylinux2014_x86_64.manylinux_2_24_x86_64.whl", hash = "sha256:8831a2cedcd0f0927f788c5bdf6567d9dc9cc235646a434986a852af1cb54b4b"},
    {file = "ruamel.yaml.clib-0.2.7-cp38-cp38-win32.whl", hash = "sha256:3110a99e0f94a4a3470ff67fc20d3f96c25b13d24c6980ff841e82bafe827cac"},
    {file = "ruamel.yaml.clib-0.2.7-cp38-cp38-win_amd64.whl", hash = "sha256:92460ce908546ab69770b2e576e4f99fbb4ce6ab4b245345a3869a0a0410488f"},
    {file = "ruamel.yaml.clib-0.2.7-cp39-cp39-macosx_10_9_x86_64.whl", hash = "sha256:5bc0667c1eb8f83a3752b71b9c4ba55ef7c7058ae57022dd9b29065186a113d9"},
    {file = "ruamel.yaml.clib-0.2.7-cp39-cp39-macosx_12_0_arm64.whl", hash = "sha256:4a4d8d417868d68b979076a9be6a38c676eca060785abaa6709c7b31593c35d1"},
    {file = "ruamel.yaml.clib-0.2.7-cp39-cp39-manylinux2014_aarch64.whl", hash = "sha256:bf9a6bc4a0221538b1a7de3ed7bca4c93c02346853f44e1cd764be0023cd3640"},
    {file = "ruamel.yaml.clib-0.2.7-cp39-cp39-manylinux_2_17_x86_64.manylinux2014_x86_64.manylinux_2_24_x86_64.whl", hash = "sha256:a7b301ff08055d73223058b5c46c55638917f04d21577c95e00e0c4d79201a6b"},
    {file = "ruamel.yaml.clib-0.2.7-cp39-cp39-win32.whl", hash = "sha256:d5e51e2901ec2366b79f16c2299a03e74ba4531ddcfacc1416639c557aef0ad8"},
    {file = "ruamel.yaml.clib-0.2.7-cp39-cp39-win_amd64.whl", hash = "sha256:184faeaec61dbaa3cace407cffc5819f7b977e75360e8d5ca19461cd851a5fc5"},
    {file = "ruamel.yaml.clib-0.2.7.tar.gz", hash = "sha256:1f08fd5a2bea9c4180db71678e850b995d2a5f4537be0e94557668cf0f5f9497"},
]

[[package]]
name = "tomli"
version = "2.0.1"
description = "A lil' TOML parser"
category = "dev"
optional = false
python-versions = ">=3.7"
files = [
    {file = "tomli-2.0.1-py3-none-any.whl", hash = "sha256:939de3e7a6161af0c887ef91b7d41a53e7c5a1ca976325f429cb46ea9bc30ecc"},
    {file = "tomli-2.0.1.tar.gz", hash = "sha256:de526c12914f0c550d15924c62d72abc48d6fe7364aa87328337a31007fe8a4f"},
]

[[package]]
name = "typing-extensions"
version = "4.5.0"
description = "Backported and Experimental Type Hints for Python 3.7+"
category = "dev"
optional = false
python-versions = ">=3.7"
files = [
    {file = "typing_extensions-4.5.0-py3-none-any.whl", hash = "sha256:fb33085c39dd998ac16d1431ebc293a8b3eedd00fd4a32de0ff79002c19511b4"},
    {file = "typing_extensions-4.5.0.tar.gz", hash = "sha256:5cb5f4a79139d699607b3ef622a1dedafa84e115ab0024e0d9c044a9479ca7cb"},
]

[[package]]
name = "uc-micro-py"
version = "1.0.1"
description = "Micro subset of unicode data files for linkify-it-py projects."
category = "dev"
optional = false
python-versions = ">=3.6"
files = [
    {file = "uc-micro-py-1.0.1.tar.gz", hash = "sha256:b7cdf4ea79433043ddfe2c82210208f26f7962c0cfbe3bacb05ee879a7fdb596"},
    {file = "uc_micro_py-1.0.1-py3-none-any.whl", hash = "sha256:316cfb8b6862a0f1d03540f0ae6e7b033ff1fa0ddbe60c12cbe0d4cec846a69f"},
]

[package.extras]
test = ["coverage", "pytest", "pytest-cov"]

[[package]]
name = "zipp"
version = "3.14.0"
description = "Backport of pathlib-compatible object wrapper for zip files"
category = "dev"
optional = false
python-versions = ">=3.7"
files = [
    {file = "zipp-3.14.0-py3-none-any.whl", hash = "sha256:188834565033387710d046e3fe96acfc9b5e86cbca7f39ff69cf21a4128198b7"},
    {file = "zipp-3.14.0.tar.gz", hash = "sha256:9e5421e176ef5ab4c0ad896624e87a7b2f07aca746c9b2aa305952800cb8eecb"},
]

[package.extras]
docs = ["furo", "jaraco.packaging (>=9)", "jaraco.tidelift (>=1.4)", "rst.linker (>=1.9)", "sphinx (>=3.5)", "sphinx-lint"]
testing = ["flake8 (<5)", "func-timeout", "jaraco.functools", "jaraco.itertools", "more-itertools", "pytest (>=6)", "pytest-black (>=0.3.7)", "pytest-checkdocs (>=2.4)", "pytest-cov", "pytest-enabler (>=1.3)", "pytest-flake8", "pytest-mypy (>=0.9.1)"]

[metadata]
lock-version = "2.0"
python-versions = "^3.8"
content-hash = "c864a69f1f73d883dadbe910749ec80e80ba7aa222f6884962b52e18b790a409"
